{
  "version": 4,
  "terraform_version": "1.15.1",
  "serial": 51,
  "lineage": "3a5aaf6e-2cf8-b4d4-a6b1-0d92453634a0",
  "outputs": {},
  "resources": [
    {
      "mode": "managed",
      "type": "google_compute_network",
      "name": "vpc",
      "provider": "provider[\"registry.terraform.io/hashicorp/google\"]",
      "instances": [
        {
          "schema_version": 0,
          "attributes": {
            "auto_create_subnetworks": true,
            "bgp_always_compare_med": false,
            "bgp_best_path_selection_mode": "LEGACY",
            "bgp_inter_region_cost": "",
            "delete_bgp_always_compare_med": false,
            "delete_default_routes_on_create": false,
            "description": "",
            "enable_ula_internal_ipv6": false,
            "gateway_ipv4": "",
            "id": "projects/project-41544a08-ca3f-4ea2-8ab/global/networks/devops-vpc",
            "internal_ipv6_range": "",
            "mtu": 0,
            "name": "devops-vpc",
            "network_firewall_policy_enforcement_order": "AFTER_CLASSIC_FIREWALL",
            "network_id": "8541582518977050677",
            "network_profile": "",
            "numeric_id": "8541582518977050677",
            "params": [],
            "project": "project-41544a08-ca3f-4ea2-8ab",
            "routing_mode": "REGIONAL",
            "self_link": "https://www.googleapis.com/compute/v1/projects/project-41544a08-ca3f-4ea2-8ab/global/networks/devops-vpc",
            "timeouts": null
          },
          "sensitive_attributes": [],
          "identity_schema_version": 1,
          "identity": {
            "name": "devops-vpc",
            "project": "project-41544a08-ca3f-4ea2-8ab"
          },
          "private": "eyJlMmJmYjczMC1lY2FhLTExZTYtOGY4OC0zNDM2M2JjN2M0YzAiOnsiY3JlYXRlIjoxMjAwMDAwMDAwMDAwLCJkZWxldGUiOjEyMDAwMDAwMDAwMDAsInVwZGF0ZSI6MTIwMDAwMDAwMDAwMH19"
        }
      ]
    },
    {
      "mode": "managed",
      "type": "google_container_cluster",
      "name": "gke",
      "provider": "provider[\"registry.terraform.io/hashicorp/google\"]",
      "instances": [
        {
          "schema_version": 2,
          "attributes": {
            "addons_config": [
              {
                "cloudrun_config": [],
                "config_connector_config": [],
                "dns_cache_config": [
                  {
                    "enabled": true
                  }
                ],
                "gce_persistent_disk_csi_driver_config": [
                  {
                    "enabled": true
                  }
                ],
                "gcp_filestore_csi_driver_config": [],
                "gcs_fuse_csi_driver_config": [],
                "gke_backup_agent_config": [],
                "horizontal_pod_autoscaling": [],
                "http_load_balancing": [],
                "lustre_csi_driver_config": [],
                "network_policy_config": [
                  {
                    "disabled": true
                  }
                ],
                "parallelstore_csi_driver_config": [],
                "ray_operator_config": [],
                "slice_controller_config": [],
                "stateful_ha_config": []
              }
            ],
            "allow_net_admin": null,
            "anonymous_authentication_config": [
              {
                "mode": "LIMITED"
              }
            ],
            "authenticator_groups_config": [],
            "autopilot_cluster_policy_config": [],
            "autopilot_privileged_admission": [],
            "binary_authorization": [],
            "cluster_autoscaling": [
              {
                "auto_provisioning_defaults": [
                  {
                    "boot_disk_kms_key": "",
                    "disk_size": 0,
                    "disk_type": "",
                    "image_type": "COS_CONTAINERD",
                    "management": [
                      {
                        "auto_repair": true,
                        "auto_upgrade": true,
                        "upgrade_options": []
                      }
                    ],
                    "min_cpu_platform": "",
                    "oauth_scopes": [
                      "https://www.googleapis.com/auth/devstorage.read_only",
                      "https://www.googleapis.com/auth/logging.write",
                      "https://www.googleapis.com/auth/monitoring",
                      "https://www.googleapis.com/auth/service.management.readonly",
                      "https://www.googleapis.com/auth/servicecontrol",
                      "https://www.googleapis.com/auth/trace.append"
                    ],
                    "service_account": "default",
                    "shielded_instance_config": [],
                    "upgrade_settings": []
                  }
                ],
                "auto_provisioning_locations": [],
                "autoscaling_profile": "BALANCED",
                "default_compute_class_enabled": false,
                "enabled": false,
                "resource_limits": []
              }
            ],
            "cluster_ipv4_cidr": "10.100.0.0/14",
            "confidential_nodes": [],
            "control_plane_endpoints_config": [
              {
                "dns_endpoint_config": [
                  {
                    "allow_external_traffic": false,
                    "enable_k8s_certs_via_dns": false,
                    "enable_k8s_tokens_via_dns": false,
                    "endpoint": "gke-bfb2abf737f74ab5af50b2bb2ead59b0f9c1-128279960786.asia-south1.gke.goog"
                  }
                ],
                "ip_endpoints_config": [
                  {
                    "enabled": true
                  }
                ]
              }
            ],
            "cost_management_config": [],
            "database_encryption": [
              {
                "key_name": "",
                "state": "DECRYPTED"
              }
            ],
            "datapath_provider": "",
            "default_max_pods_per_node": 110,
            "default_snat_status": [],
            "deletion_protection": true,
            "description": "",
            "disable_l4_lb_firewall_reconciliation": false,
            "dns_config": [],
            "effective_labels": {},
            "enable_autopilot": false,
            "enable_cilium_clusterwide_network_policy": false,
            "enable_fqdn_network_policy": false,
            "enable_intranode_visibility": false,
            "enable_k8s_beta_apis": [],
            "enable_kubernetes_alpha": false,
            "enable_l4_ilb_subsetting": false,
            "enable_legacy_abac": false,
            "enable_multi_networking": false,
            "enable_shielded_nodes": true,
            "enable_tpu": false,
            "endpoint": "34.93.33.150",
            "enterprise_config": [
              {
                "cluster_tier": "STANDARD",
                "desired_tier": ""
              }
            ],
            "fleet": [],
            "gateway_api_config": [],
            "gke_auto_upgrade_config": [],
            "id": "projects/project-41544a08-ca3f-4ea2-8ab/locations/asia-south1/clusters/devops-cluster",
            "identity_service_config": [],
            "in_transit_encryption_config": "",
            "initial_node_count": 0,
            "ip_allocation_policy": [
              {
                "additional_ip_ranges_config": [],
                "additional_pod_ranges_config": [],
                "auto_ipam_config": [],
                "cluster_ipv4_cidr_block": "10.100.0.0/14",
                "cluster_secondary_range_name": "gke-devops-cluster-pods-bfb2abf7",
                "network_tier_config": [
                  {
                    "network_tier": "NETWORK_TIER_DEFAULT"
                  }
                ],
                "pod_cidr_overprovision_config": [
                  {
                    "disabled": false
                  }
                ],
                "services_ipv4_cidr_block": "34.118.224.0/20",
                "services_secondary_range_name": "",
                "stack_type": "IPV4"
              }
            ],
            "label_fingerprint": "a9dc16a7",
            "location": "asia-south1",
            "logging_config": [
              {
                "enable_components": [
                  "SYSTEM_COMPONENTS",
                  "WORKLOADS"
                ]
              }
            ],
            "logging_service": "logging.googleapis.com/kubernetes",
            "maintenance_policy": [],
            "master_auth": [
              {
                "client_certificate": "",
                "client_certificate_config": [
                  {
                    "issue_client_certificate": false
                  }
                ],
                "client_key": "",
                "cluster_ca_certificate": "LS0tLS1CRUdJTiBDRVJUSUZJQ0FURS0tLS0tCk1JSUVMVENDQXBXZ0F3SUJBZ0lSQUpVMlkvWndueE9uSFdVY1E1REJ0QW93RFFZSktvWklodmNOQVFFTEJRQXcKTHpFdE1Dc0dBMVVFQXhNa016QmxPV1l5TVRZdE9XTm1aUzAwTVdKakxXSmpNVGd0WlRFd01XVXpNemczTURKbApNQ0FYRFRJMk1EVXdPREExTkRJeE0xb1lEekl3TlRZd05ETXdNRFkwTWpFeldqQXZNUzB3S3dZRFZRUURFeVF6Ck1HVTVaakl4TmkwNVkyWmxMVFF4WW1NdFltTXhPQzFsTVRBeFpUTXpPRGN3TW1Vd2dnR2lNQTBHQ1NxR1NJYjMKRFFFQkFRVUFBNElCandBd2dnR0tBb0lCZ1FDUGxDQkludkt3NFMxaXVhd21uYUFSVzIxdzU4ZVBoYXFoTDd0bgptUTVZbnU2TzlIUjZ6dUR0S2FiTThFbXFnbVkzam1wQUhDdjhadGRMamhGY1hYM1RscU4xWm05TkpyT2VHbzFSCkxTeXoxeGM4WUxFM2NYZmtWek9Qeko2Y2dHZGpXSHRMTnorZ1BFbDVLL3FOZ3RnQjFzSGoyTHViSnpUVUk2R1EKbFNzeXM2SzFQUE0vY21TOHBqUkZWSm9FSWYyeUJXdGUwTjJYd2ZwNVZ3VCtnYzNqRCtDTVZCajhFOUVDQTVzTwpWcmgwNXZuNjQwMHB4cXd0TVJrSkdXM2VkOUVGcC9KUU9oclI2NzJwWGVaZkJYS3BnQmt2TmFkQ1JWeG9Qdkd6CkFWQjNQWktMa3hQWGo1SUZoSUIyVExDOW9SZnYwb05NV3czM2tJdjVlemlKWGpiNitacm5IU2ZpTWhWeUZqeDgKcUNQRzg1akFsSnhCYndUQktmRmZRUWczRm9kb3d0Y0oxczduM1dENWxoNTJJQnd2U241T2RDRHNaSGJGUE9FVworR1QzQjUvbHhJSmZOdERhSVQzZW5mWFVGeTlqeC9OTzd2aGJHSEZkMzlRTFRZbEJiM0gwZjJXZkpDOXpINXNICkRQWm1md3B4cFJFMmZjTk1yYW5DdXZ6M3V1TUNBd0VBQWFOQ01FQXdEZ1lEVlIwUEFRSC9CQVFEQWdJRU1BOEcKQTFVZEV3RUIvd1FGTUFNQkFmOHdIUVlEVlIwT0JCWUVGRXFzUGRMczhZakNOakJVZ1A2QXIxREhhakxnTUEwRwpDU3FHU0liM0RRRUJDd1VBQTRJQmdRQUVwbXZlZFhXdHZvOVlmS1plL21CRWZBRkJRZ1NpeWVMNDVTTm1pVjRGCjZnMndGVk10dWtpVUgxTWp4ZmcxWWNOeitaUVczR3NSK2FhOUo1RisvM1FMT2RETkpHVndObzV5Y2FSUFZ5NlQKYWdsZEhNaCt3QnZ1eW5FL1pRbE9vYmx4UmpoUGtMcDYzL1hVRUFVRElXNEtydXp5cW9wOFc2UUFhRmI4ZVIxZgo1M2R3MUJkbGNtZEVUUytEVkE1SXlqVTY1NVpDTEdzQ1kwS1pEeVFxaEJseHlCL2VOc3I4VXJRVmpzVFhsUjVxCnVORXV0UUNTNTE3eTUxS2Jqd0ZHZUQ5Q2VtOGFQWkxQME84ZGY1c1F2ZmEvTzM3YTJHV2NJdlJia253T0dKYXMKZXZHSVVnbm1KZ1pNbU1TTlZHRHAySHcxTzdrd0kxY0pQTUlsU1RWeXR5U20rRW9ZWnhtTXg2RytWYkRqZDBkNgpZTGFXUlY0eWpGOWJIWW9WelMvUGQxTkJTUWVqaW5mMjR1dG9vejQvV2lrQ0g5MEUrWE9FWk85MFRLenNkeFp1CnQ3Sm00dTRzMUlMeDlFc2pDclJ1blVjcDFzRmpsUHE2SlFxN0NQdU42cjBDU1psdU1FMmYxMGhMalVDZUcxT1EKaXRPZmlVMzEyNWFRUnZPMVU3MGdLOWc9Ci0tLS0tRU5EIENFUlRJRklDQVRFLS0tLS0K"
              }
            ],
            "master_authorized_networks_config": [],
            "master_version": "1.35.3-gke.1234000",
            "mesh_certificates": [],
            "min_master_version": null,
            "monitoring_config": [
              {
                "advanced_datapath_observability_config": [
                  {
                    "enable_metrics": false,
                    "enable_relay": false
                  }
                ],
                "enable_components": [
                  "SYSTEM_COMPONENTS",
                  "STORAGE",
                  "HPA",
                  "POD",
                  "DAEMONSET",
                  "DEPLOYMENT",
                  "STATEFULSET",
                  "CADVISOR",
                  "KUBELET",
                  "DCGM",
                  "JOBSET"
                ],
                "managed_prometheus": [
                  {
                    "auto_monitoring_config": [],
                    "enabled": true
                  }
                ]
              }
            ],
            "monitoring_service": "monitoring.googleapis.com/kubernetes",
            "name": "devops-cluster",
            "network": "projects/project-41544a08-ca3f-4ea2-8ab/global/networks/default",
            "network_performance_config": [],
            "network_policy": [
              {
                "enabled": false,
                "provider": "PROVIDER_UNSPECIFIED"
              }
            ],
            "networking_mode": "VPC_NATIVE",
            "node_config": [
              {
                "advanced_machine_features": [],
                "boot_disk": [
                  {
                    "disk_type": "pd-balanced",
                    "provisioned_iops": 0,
                    "provisioned_throughput": 0,
                    "size_gb": 100
                  }
                ],
                "boot_disk_kms_key": "",
                "confidential_nodes": [],
                "containerd_config": [],
                "disk_size_gb": 100,
                "disk_type": "pd-balanced",
                "effective_taints": [],
                "enable_confidential_storage": false,
                "ephemeral_storage_local_ssd_config": [],
                "fast_socket": [],
                "flex_start": false,
                "gcfs_config": [],
                "guest_accelerator": [],
                "gvnic": [],
                "host_maintenance_policy": [],
                "image_type": "COS_CONTAINERD",
                "kubelet_config": [
                  {
                    "allowed_unsafe_sysctls": [],
                    "container_log_max_files": 0,
                    "container_log_max_size": "",
                    "cpu_cfs_quota": false,
                    "cpu_cfs_quota_period": "",
                    "cpu_manager_policy": "",
                    "eviction_max_pod_grace_period_seconds": 0,
                    "eviction_minimum_reclaim": [],
                    "eviction_soft": [],
                    "eviction_soft_grace_period": [],
                    "image_gc_high_threshold_percent": 0,
                    "image_gc_low_threshold_percent": 0,
                    "image_maximum_gc_age": "",
                    "image_minimum_gc_age": "",
                    "insecure_kubelet_readonly_port_enabled": "FALSE",
                    "max_parallel_image_pulls": 2,
                    "memory_manager": [],
                    "pod_pids_limit": 0,
                    "single_process_oom_kill": false,
                    "topology_manager": []
                  }
                ],
                "labels": {},
                "linux_node_config": [],
                "local_nvme_ssd_block_config": [],
                "local_ssd_count": 0,
                "local_ssd_encryption_mode": "",
                "logging_variant": "DEFAULT",
                "machine_type": "e2-medium",
                "max_run_duration": "",
                "metadata": {
                  "disable-legacy-endpoints": "true"
                },
                "min_cpu_platform": "",
                "node_group": "",
                "oauth_scopes": [
                  "https://www.googleapis.com/auth/devstorage.read_only",
                  "https://www.googleapis.com/auth/logging.write",
                  "https://www.googleapis.com/auth/monitoring",
                  "https://www.googleapis.com/auth/service.management.readonly",
                  "https://www.googleapis.com/auth/servicecontrol",
                  "https://www.googleapis.com/auth/trace.append"
                ],
                "preemptible": false,
                "reservation_affinity": [],
                "resource_labels": {
                  "goog-gke-node-pool-provisioning-model": "on-demand"
                },
                "resource_manager_tags": {},
                "sandbox_config": [],
                "secondary_boot_disks": [],
                "service_account": "default",
                "shielded_instance_config": [
                  {
                    "enable_integrity_monitoring": true,
                    "enable_secure_boot": false
                  }
                ],
                "sole_tenant_config": [],
                "spot": false,
                "storage_pools": [],
                "tags": [],
                "taint": [],
                "windows_node_config": [
                  {
                    "osversion": ""
                  }
                ],
                "workload_metadata_config": []
              }
            ],
            "node_locations": [
              "asia-south1-a",
              "asia-south1-b",
              "asia-south1-c"
            ],
            "node_pool": [
              {
                "autoscaling": [],
                "initial_node_count": 3,
                "instance_group_urls": [
                  "https://www.googleapis.com/compute/v1/projects/project-41544a08-ca3f-4ea2-8ab/zones/asia-south1-c/instanceGroupManagers/gke-devops-cluster-default-pool-67cd443e-grp",
                  "https://www.googleapis.com/compute/v1/projects/project-41544a08-ca3f-4ea2-8ab/zones/asia-south1-b/instanceGroupManagers/gke-devops-cluster-default-pool-b0edff50-grp",
                  "https://www.googleapis.com/compute/v1/projects/project-41544a08-ca3f-4ea2-8ab/zones/asia-south1-a/instanceGroupManagers/gke-devops-cluster-default-pool-addd70c1-grp"
                ],
                "managed_instance_group_urls": [
                  "https://www.googleapis.com/compute/v1/projects/project-41544a08-ca3f-4ea2-8ab/zones/asia-south1-c/instanceGroups/gke-devops-cluster-default-pool-67cd443e-grp",
                  "https://www.googleapis.com/compute/v1/projects/project-41544a08-ca3f-4ea2-8ab/zones/asia-south1-b/instanceGroups/gke-devops-cluster-default-pool-b0edff50-grp",
                  "https://www.googleapis.com/compute/v1/projects/project-41544a08-ca3f-4ea2-8ab/zones/asia-south1-a/instanceGroups/gke-devops-cluster-default-pool-addd70c1-grp"
                ],
                "management": [
                  {
                    "auto_repair": true,
                    "auto_upgrade": true
                  }
                ],
                "max_pods_per_node": 110,
                "name": "default-pool",
                "name_prefix": "",
                "network_config": [
                  {
                    "additional_node_network_configs": [],
                    "additional_pod_network_configs": [],
                    "create_pod_range": false,
                    "enable_private_nodes": false,
                    "network_performance_config": [],
                    "pod_cidr_overprovision_config": [],
                    "pod_ipv4_cidr_block": "10.100.0.0/14",
                    "pod_range": "gke-devops-cluster-pods-bfb2abf7",
                    "subnetwork": "projects/project-41544a08-ca3f-4ea2-8ab/regions/asia-south1/subnetworks/default"
                  }
                ],
                "node_config": [
                  {
                    "advanced_machine_features": [],
                    "boot_disk": [
                      {
                        "disk_type": "pd-balanced",
                        "provisioned_iops": 0,
                        "provisioned_throughput": 0,
                        "size_gb": 100
                      }
                    ],
                    "boot_disk_kms_key": "",
                    "confidential_nodes": [],
                    "containerd_config": [],
                    "disk_size_gb": 100,
                    "disk_type": "pd-balanced",
                    "effective_taints": [],
                    "enable_confidential_storage": false,
                    "ephemeral_storage_local_ssd_config": [],
                    "fast_socket": [],
                    "flex_start": false,
                    "gcfs_config": [],
                    "guest_accelerator": [],
                    "gvnic": [],
                    "host_maintenance_policy": [],
                    "image_type": "COS_CONTAINERD",
                    "kubelet_config": [
                      {
                        "allowed_unsafe_sysctls": [],
                        "container_log_max_files": 0,
                        "container_log_max_size": "",
                        "cpu_cfs_quota": false,
                        "cpu_cfs_quota_period": "",
                        "cpu_manager_policy": "",
                        "eviction_max_pod_grace_period_seconds": 0,
                        "eviction_minimum_reclaim": [],
                        "eviction_soft": [],
                        "eviction_soft_grace_period": [],
                        "image_gc_high_threshold_percent": 0,
                        "image_gc_low_threshold_percent": 0,
                        "image_maximum_gc_age": "",
                        "image_minimum_gc_age": "",
                        "insecure_kubelet_readonly_port_enabled": "FALSE",
                        "max_parallel_image_pulls": 2,
                        "memory_manager": [],
                        "pod_pids_limit": 0,
                        "single_process_oom_kill": false,
                        "topology_manager": []
                      }
                    ],
                    "labels": {},
                    "linux_node_config": [],
                    "local_nvme_ssd_block_config": [],
                    "local_ssd_count": 0,
                    "local_ssd_encryption_mode": "",
                    "logging_variant": "DEFAULT",
                    "machine_type": "e2-medium",
                    "max_run_duration": "",
                    "metadata": {
                      "disable-legacy-endpoints": "true"
                    },
                    "min_cpu_platform": "",
                    "node_group": "",
                    "oauth_scopes": [
                      "https://www.googleapis.com/auth/devstorage.read_only",
                      "https://www.googleapis.com/auth/logging.write",
                      "https://www.googleapis.com/auth/monitoring",
                      "https://www.googleapis.com/auth/service.management.readonly",
                      "https://www.googleapis.com/auth/servicecontrol",
                      "https://www.googleapis.com/auth/trace.append"
                    ],
                    "preemptible": false,
                    "reservation_affinity": [],
                    "resource_labels": {
                      "goog-gke-node-pool-provisioning-model": "on-demand"
                    },
                    "resource_manager_tags": {},
                    "sandbox_config": [],
                    "secondary_boot_disks": [],
                    "service_account": "default",
                    "shielded_instance_config": [
                      {
                        "enable_integrity_monitoring": true,
                        "enable_secure_boot": false
                      }
                    ],
                    "sole_tenant_config": [],
                    "spot": false,
                    "storage_pools": [],
                    "tags": [],
                    "taint": [],
                    "windows_node_config": [
                      {
                        "osversion": ""
                      }
                    ],
                    "workload_metadata_config": []
                  }
                ],
                "node_count": 3,
                "node_drain_config": [],
                "node_locations": [
                  "asia-south1-a",
                  "asia-south1-b",
                  "asia-south1-c"
                ],
                "placement_policy": [],
                "queued_provisioning": [],
                "upgrade_settings": [
                  {
                    "blue_green_settings": [],
                    "max_surge": 1,
                    "max_unavailable": 0,
                    "strategy": "SURGE"
                  }
                ],
                "version": "1.35.3-gke.1234000"
              }
            ],
            "node_pool_auto_config": [
              {
                "linux_node_config": [],
                "network_tags": [],
                "node_kubelet_config": [
                  {
                    "insecure_kubelet_readonly_port_enabled": "FALSE"
                  }
                ],
                "resource_manager_tags": {}
              }
            ],
            "node_pool_defaults": [
              {
                "node_config_defaults": [
                  {
                    "containerd_config": [],
                    "gcfs_config": [],
                    "insecure_kubelet_readonly_port_enabled": "FALSE",
                    "logging_variant": "DEFAULT"
                  }
                ]
              }
            ],
            "node_version": "1.35.3-gke.1234000",
            "notification_config": [
              {
                "pubsub": [
                  {
                    "enabled": false,
                    "filter": [],
                    "topic": ""
                  }
                ]
              }
            ],
            "operation": null,
            "pod_autoscaling": [
              {
                "hpa_profile": "PERFORMANCE"
              }
            ],
            "private_cluster_config": [
              {
                "enable_private_endpoint": false,
                "enable_private_nodes": false,
                "master_global_access_config": [
                  {
                    "enabled": false
                  }
                ],
                "master_ipv4_cidr_block": "",
                "peering_name": "",
                "private_endpoint": "10.160.0.23",
                "private_endpoint_subnetwork": "",
                "public_endpoint": "34.93.33.150"
              }
            ],
            "private_ipv6_google_access": "",
            "project": "project-41544a08-ca3f-4ea2-8ab",
            "rbac_binding_config": [
              {
                "enable_insecure_binding_system_authenticated": true,
                "enable_insecure_binding_system_unauthenticated": true
              }
            ],
            "release_channel": [
              {
                "channel": "REGULAR"
              }
            ],
            "remove_default_node_pool": null,
            "resource_labels": {},
            "resource_usage_export_config": [],
            "secret_manager_config": [
              {
                "enabled": false,
                "rotation_config": []
              }
            ],
            "security_posture_config": [
              {
                "mode": "BASIC",
                "vulnerability_mode": "VULNERABILITY_MODE_UNSPECIFIED"
              }
            ],
            "self_link": "https://container.googleapis.com/v1/projects/project-41544a08-ca3f-4ea2-8ab/locations/asia-south1/clusters/devops-cluster",
            "service_external_ips_config": [
              {
                "enabled": false
              }
            ],
            "services_ipv4_cidr": "34.118.224.0/20",
            "subnetwork": "projects/project-41544a08-ca3f-4ea2-8ab/regions/asia-south1/subnetworks/default",
            "terraform_labels": {},
            "timeouts": null,
            "tpu_ipv4_cidr_block": "",
            "user_managed_keys_config": [],
            "vertical_pod_autoscaling": [],
            "workload_identity_config": []
          },
          "sensitive_attributes": [
            [
              {
                "type": "get_attr",
                "value": "master_auth"
              },
              {
                "type": "index",
                "value": {
                  "value": 0,
                  "type": "number"
                }
              },
              {
                "type": "get_attr",
                "value": "client_key"
              }
            ]
          ],
          "identity_schema_version": 0,
          "private": "eyJlMmJmYjczMC1lY2FhLTExZTYtOGY4OC0zNDM2M2JjN2M0YzAiOnsiY3JlYXRlIjo1NDAwMDAwMDAwMDAwLCJkZWxldGUiOjU0MDAwMDAwMDAwMDAsInJlYWQiOjU0MDAwMDAwMDAwMDAsInVwZGF0ZSI6NTQwMDAwMDAwMDAwMH0sInNjaGVtYV92ZXJzaW9uIjoiMiJ9"
        }
      ]
    }
  ],
  "check_results": null
}
